// !$*UTF8*$!
{
	archiveVersion = 1;
	classes = {
	};
	objectVersion = 46;
	objects = {

/* Begin PBXBuildFile section */
		6E062F991E34975600630FDC /* AppDelegate.swift in Sources */ = {isa = PBXBuildFile; fileRef = 6E062F981E34975600630FDC /* AppDelegate.swift */; };
		6E062F9B1E34975600630FDC /* ViewController.swift in Sources */ = {isa = PBXBuildFile; fileRef = 6E062F9A1E34975600630FDC /* ViewController.swift */; };
		6E062F9E1E34975600630FDC /* Main.storyboard in Resources */ = {isa = PBXBuildFile; fileRef = 6E062F9C1E34975600630FDC /* Main.storyboard */; };
		6E062FA01E34975600630FDC /* Assets.xcassets in Resources */ = {isa = PBXBuildFile; fileRef = 6E062F9F1E34975600630FDC /* Assets.xcassets */; };
		6E062FA31E34975600630FDC /* LaunchScreen.storyboard in Resources */ = {isa = PBXBuildFile; fileRef = 6E062FA11E34975600630FDC /* LaunchScreen.storyboard */; };
/* End PBXBuildFile section */

/* Begin PBXFileReference section */
		6E062F951E34975600630FDC /* Begobego.app */ = {isa = PBXFileReference; explicitFileType = wrapper.application; includeInIndex = 0; path = Begobego.app; sourceTree = BUILT_PRODUCTS_DIR; };
		6E062F981E34975600630FDC /* AppDelegate.swift */ = {isa = PBXFileReference; lastKnownFileType = sourcecode.swift; path = AppDelegate.swift; sourceTree = "<group>"; };
		6E062F9A1E34975600630FDC /* ViewController.swift */ = {isa = PBXFileReference; lastKnownFileType = sourcecode.swift; path = ViewController.swift; sourceTree = "<group>"; };
		6E062F9D1E34975600630FDC /* Base */ = {isa = PBXFileReference; lastKnownFileType = file.storyboard; name = Base; path = Base.lproj/Main.storyboard; sourceTree = "<group>"; };
		6E062F9F1E34975600630FDC /* Assets.xcassets */ = {isa = PBXFileReference; lastKnownFileType = folder.assetcatalog; path = Assets.xcassets; sourceTree = "<group>"; };
		6E062FA21E34975600630FDC /* Base */ = {isa = PBXFileReference; lastKnownFileType = file.storyboard; name = Base; path = Base.lproj/LaunchScreen.storyboard; sourceTree = "<group>"; };
		6E062FA41E34975600630FDC /* Info.plist */ = {isa = PBXFileReference; lastKnownFileType = text.plist.xml; path = Info.plist; sourceTree = "<group>"; };
/* End PBXFileReference section */

/* Begin PBXFrameworksBuildPhase section */
		6E062F921E34975600630FDC /* Frameworks */ = {
			isa = PBXFrameworksBuildPhase;
			buildActionMask = 2147483647;
			files = (
			);
			runOnlyForDeploymentPostprocessing = 0;
		};
/* End PBXFrameworksBuildPhase section */

/* Begin PBXGroup section */
		6E062F8C1E34975600630FDC = {
			isa = PBXGroup;
			children = (
				6E062F971E34975600630FDC /* Begobego */,
				6E062F961E34975600630FDC /* Products */,
			);
			sourceTree = "<group>";
		};
		6E062F961E34975600630FDC /* Products */ = {
			isa = PBXGroup;
			children = (
				6E062F951E34975600630FDC /* Begobego.app */,
			);
			name = Products;
			sourceTree = "<group>";
		};
		6E062F971E34975600630FDC /* Begobego */ = {
			isa = PBXGroup;
			children = (
				6E062F981E34975600630FDC /* AppDelegate.swift */,
				6E062F9A1E34975600630FDC /* ViewController.swift */,
				6E062F9C1E34975600630FDC /* Main.storyboard */,
				6E062F9F1E34975600630FDC /* Assets.xcassets */,
				6E062FA11E34975600630FDC /* LaunchScreen.storyboard */,
				6E062FA41E34975600630FDC /* Info.plist */,
			);
			path = Begobego;
			sourceTree = "<group>";
		};
/* End PBXGroup section */

/* Begin PBXNativeTarget section */
		6E062F941E34975600630FDC /* Begobego */ = {
			isa = PBXNativeTarget;
			buildConfigurationList = 6E062FA71E34975600630FDC /* Build configuration list for PBXNativeTarget "Begobego" */;
			buildPhases = (
				6E062F911E34975600630FDC /* Sources */,
				6E062F921E34975600630FDC /* Frameworks */,
				6E062F931E34975600630FDC /* Resources */,
			);
			buildRules = (
			);
			dependencies = (
			);
			name = Begobego;
			productName = Begobego;
			productReference = 6E062F951E34975600630FDC /* Begobego.app */;
			productType = "com.apple.product-type.application";
		};
/* End PBXNativeTarget section */

/* Begin PBXProject section */
		6E062F8D1E34975600630FDC /* Project object */ = {
			isa = PBXProject;
			attributes = {
				LastSwiftUpdateCheck = 0820;
				LastUpgradeCheck = 0820;
				ORGANIZATIONNAME = zulwiyozaputra;
				TargetAttributes = {
					6E062F941E34975600630FDC = {
						CreatedOnToolsVersion = 8.2;
						DevelopmentTeam = 44VVQHZS45;
						ProvisioningStyle = Automatic;
					};
				};
			};
			buildConfigurationList = 6E062F901E34975600630FDC /* Build configuration list for PBXProject "Begobego" */;
			compatibilityVersion = "Xcode 3.2";
			developmentRegion = English;
			hasScannedForEncodings = 0;
			knownRegions = (
				en,
				Base,
			);
			mainGroup = 6E062F8C1E34975600630FDC;
			productRefGroup = 6E062F961E34975600630FDC /* Products */;
			projectDirPath = "";
			projectRoot = "";
			targets = (
				6E062F941E34975600630FDC /* Begobego */,
			);
		};
/* End PBXProject section */

/* Begin PBXResourcesBuildPhase section */
		6E062F931E34975600630FDC /* Resources */ = {
			isa = PBXResourcesBuildPhase;
			buildActionMask = 2147483647;
			files = (
				6E062FA31E34975600630FDC /* LaunchScreen.storyboard in Resources */,
				6E062FA01E34975600630FDC /* Assets.xcassets in Resources */,
				6E062F9E1E34975600630FDC /* Main.storyboard in Resources */,
			);
			runOnlyForDeploymentPostprocessing = 0;
		};
/* End PBXResourcesBuildPhase section */

/* Begin PBXSourcesBuildPhase section */
		6E062F911E34975600630FDC /* Sources */ = {
			isa = PBXSourcesBuildPhase;
			buildActionMask = 2147483647;
			files = (
				6E062F9B1E34975600630FDC /* ViewController.swift in Sources */,
				6E062F991E34975600630FDC /* AppDelegate.swift in Sources */,
			);
			runOnlyForDeploymentPostprocessing = 0;
		};
/* End PBXSourcesBuildPhase section */

/* Begin PBXVariantGroup section */
		6E062F9C1E34975600630FDC /* Main.storyboard */ = {
			isa = PBXVariantGroup;
			children = (
				6E062F9D1E34975600630FDC /* Base */,
			);
			name = Main.storyboard;
			sourceTree = "<group>";
		};
		6E062FA11E34975600630FDC /* LaunchScreen.storyboard */ = {
			isa = PBXVariantGroup;
			children = (
				6E062FA21E34975600630FDC /* Base */,
			);
			name = LaunchScreen.storyboard;
			sourceTree = "<group>";
		};
/* End PBXVariantGroup section */

/* Begin XCBuildConfiguration section */
		6E062FA51E34975600630FDC /* Debug */ = {
			isa = XCBuildConfiguration;
			buildSettings = {
				ALWAYS_SEARCH_USER_PATHS = NO;
				CLANG_ANALYZER_NONNULL = YES;
				CLANG_CXX_LANGUAGE_STANDARD = "gnu++0x";
				CLANG_CXX_LIBRARY = "libc++";
				CLANG_ENABLE_MODULES = YES;
				CLANG_ENABLE_OBJC_ARC = YES;
				CLANG_WARN_BOOL_CONVERSION = YES;
				CLANG_WARN_CONSTANT_CONVERSION = YES;
				CLANG_WARN_DIRECT_OBJC_ISA_USAGE = YES_ERROR;
				CLANG_WARN_DOCUMENTATION_COMMENTS = YES;
				CLANG_WARN_EMPTY_BODY = YES;
				CLANG_WARN_ENUM_CONVERSION = YES;
				CLANG_WARN_INFINITE_RECURSION = YES;
				CLANG_WARN_INT_CONVERSION = YES;
				CLANG_WARN_OBJC_ROOT_CLASS = YES_ERROR;
				CLANG_WARN_SUSPICIOUS_MOVE = YES;
				CLANG_WARN_UNREACHABLE_CODE = YES;
				CLANG_WARN__DUPLICATE_METHOD_MATCH = YES;
				"CODE_SIGN_IDENTITY[sdk=iphoneos*]" = "iPhone Developer";
				COPY_PHASE_STRIP = NO;
				DEBUG_INFORMATION_FORMAT = dwarf;
				ENABLE_STRICT_OBJC_MSGSEND = YES;
				ENABLE_TESTABILITY = YES;
				GCC_C_LANGUAGE_STANDARD = gnu99;
				GCC_DYNAMIC_NO_PIC = NO;
				GCC_NO_COMMON_BLOCKS = YES;
				GCC_OPTIMIZATION_LEVEL = 0;
				GCC_PREPROCESSOR_DEFINITIONS = (
					"DEBUG=1",
					"$(inherited)",
				);
				GCC_WARN_64_TO_32_BIT_CONVERSION = YES;
				GCC_WARN_ABOUT_RETURN_TYPE = YES_ERROR;
				GCC_WARN_UNDECLARED_SELECTOR = YES;
				GCC_WARN_UNINITIALIZED_AUTOS = YES_AGGRESSIVE;
				GCC_WARN_UNUSED_FUNCTION = YES;
				GCC_WARN_UNUSED_VARIABLE = YES;
				IPHONEOS_DEPLOYMENT_TARGET = 10.2;
				MTL_ENABLE_DEBUG_INFO = YES;
				ONLY_ACTIVE_ARCH = YES;
				SDKROOT = iphoneos;
				SWIFT_ACTIVE_COMPILATION_CONDITIONS = DEBUG;
				SWIFT_OPTIMIZATION_LEVEL = "-Onone";
			};
			name = Debug;
		};
		6E062FA61E34975600630FDC /* Release */ = {
			isa = XCBuildConfiguration;
			buildSettings = {
				ALWAYS_SEARCH_USER_PATHS = NO;
				CLANG_ANALYZER_NONNULL = YES;
				CLANG_CXX_LANGUAGE_STANDARD = "gnu++0x";
				CLANG_CXX_LIBRARY = "libc++";
				CLANG_ENABLE_MODULES = YES;
				CLANG_ENABLE_OBJC_ARC = YES;
				CLANG_WARN_BOOL_CONVERSION = YES;
				CLANG_WARN_CONSTANT_CONVERSION = YES;
				CLANG_WARN_DIRECT_OBJC_ISA_USAGE = YES_ERROR;
				CLANG_WARN_DOCUMENTATION_COMMENTS = YES;
				CLANG_WARN_EMPTY_BODY = YES;
				CLANG_WARN_ENUM_CONVERSION = YES;
				CLANG_WARN_INFINITE_RECURSION = YES;
				CLANG_WARN_INT_CONVERSION = YES;
				CLANG_WARN_OBJC_ROOT_CLASS = YES_ERROR;
				CLANG_WARN_SUSPICIOUS_MOVE = YES;
				CLANG_WARN_UNREACHABLE_CODE = YES;
				CLANG_WARN__DUPLICATE_METHOD_MATCH = YES;
				"CODE_SIGN_IDENTITY[sdk=iphoneos*]" = "iPhone Developer";
				COPY_PHASE_STRIP = NO;
				DEBUG_INFORMATION_FORMAT = "dwarf-with-dsym";
				ENABLE_NS_ASSERTIONS = NO;
				ENABLE_STRICT_OBJC_MSGSEND = YES;
				GCC_C_LANGUAGE_STANDARD = gnu99;
				GCC_NO_COMMON_BLOCKS = YES;
				GCC_WARN_64_TO_32_BIT_CONVERSION = YES;
				GCC_WARN_ABOUT_RETURN_TYPE = YES_ERROR;
				GCC_WARN_UNDECLARED_SELECTOR = YES;
				GCC_WARN_UNINITIALIZED_AUTOS = YES_AGGRESSIVE;
				GCC_WARN_UNUSED_FUNCTION = YES;
				GCC_WARN_UNUSED_VARIABLE = YES;
				IPHONEOS_DEPLOYMENT_TARGET = 10.2;
				MTL_ENABLE_DEBUG_INFO = NO;
				SDKROOT = iphoneos;
				SWIFT_OPTIMIZATION_LEVEL = "-Owholemodule";
				VALIDATE_PRODUCT = YES;
			};
			name = Release;
		};
		6E062FA81E34975600630FDC /* Debug */ = {
			isa = XCBuildConfiguration;
			buildSettings = {
				ASSETCATALOG_COMPILER_APPICON_NAME = AppIcon;
				DEVELOPMENT_TEAM = 44VVQHZS45;
				INFOPLIST_FILE = Begobego/Info.plist;
				LD_RUNPATH_SEARCH_PATHS = "$(inherited) @executable_path/Frameworks";
				PRODUCT_BUNDLE_IDENTIFIER = com.kibar.Begobego;
				PRODUCT_NAME = "$(TARGET_NAME)";
				SWIFT_VERSION = 3.0;
			};
			name = Debug;
		};
		6E062FA91E34975600630FDC /* Release */ = {
			isa = XCBuildConfiguration;
			buildSettings = {
				ASSETCATALOG_COMPILER_APPICON_NAME = AppIcon;
				DEVELOPMENT_TEAM = 44VVQHZS45;
				INFOPLIST_FILE = Begobego/Info.plist;
				LD_RUNPATH_SEARCH_PATHS = "$(inherited) @executable_path/Frameworks";
				PRODUCT_BUNDLE_IDENTIFIER = com.kibar.Begobego;
				PRODUCT_NAME = "$(TARGET_NAME)";
				SWIFT_VERSION = 3.0;
			};
			name = Release;
		};
/* End XCBuildConfiguration section */

/* Begin XCConfigurationList section */
		6E062F901E34975600630FDC /* Build configuration list for PBXProject "Begobego" */ = {
			isa = XCConfigurationList;
			buildConfigurations = (
				6E062FA51E34975600630FDC /* Debug */,
				6E062FA61E34975600630FDC /* Release */,
			);
			defaultConfigurationIsVisible = 0;
			defaultConfigurationName = Release;
		};
		6E062FA71E34975600630FDC /* Build configuration list for PBXNativeTarget "Begobego" */ = {
			isa = XCConfigurationList;
			buildConfigurations = (
				6E062FA81E34975600630FDC /* Debug */,
				6E062FA91E34975600630FDC /* Release */,
			);
			defaultConfigurationIsVisible = 0;
		};
/* End XCConfigurationList section */
	};
	rootObject = 6E062F8D1E34975600630FDC /* Project object */;
}
